
Microsoft Visual Studio Solution File, Format Version 12.00
Project("{2150E333-8FDC-42A3-9474-1A3956D46DE8}") = "Project", "Project", "{4382266E-B408-4258-A7E2-F7F6BD750BAA}"
EndProject
Project("{2150E333-8FDC-42A3-9474-1A3956D46DE8}") = "Tests", "Tests", "{7122379E-B32C-4260-A41B-2B7C1168EA29}"
EndProject
Project("{FAE04EC0-301F-11D3-BF4B-00C04F79EFBC}") = "Model", "Model\Model.csproj", "{724A6F32-59D2-4836-A8C4-94390B927197}"
EndProject
Project("{FAE04EC0-301F-11D3-BF4B-00C04F79EFBC}") = "View", "View\View.csproj", "{714508B8-39D6-43B4-9F6B-53A3C999A3FD}"
EndProject
Project("{FAE04EC0-301F-11D3-BF4B-00C04F79EFBC}") = "ViewModel", "ViewModel\ViewModel.csproj", "{62373C22-7394-45DA-A5ED-BAF9F7784A3B}"
EndProject
Project("{FAE04EC0-301F-11D3-BF4B-00C04F79EFBC}") = "Data", "Data\Data.csproj", "{A41B67CF-45A4-418B-B16B-0C1BF244209E}"
EndProject
Project("{FAE04EC0-301F-11D3-BF4B-00C04F79EFBC}") = "Logic", "Logic\Logic.csproj", "{B69C6006-3226-4043-AC82-215CC8700C6B}"
EndProject
Project("{2150E333-8FDC-42A3-9474-1A3956D46DE8}") = "DataTest", "DataTest", "{37F57708-0D19-4DF3-9FA3-3574453E7829}"
EndProject
Project("{FAE04EC0-301F-11D3-BF4B-00C04F79EFBC}") = "BallsTests", "BallsTests\BallsTests.csproj", "{7677FC09-822B-406F-9E6F-D45D8E95BA99}"
EndProject
Project("{2150E333-8FDC-42A3-9474-1A3956D46DE8}") = "LogicTest", "LogicTest", "{A48D98F3-1168-4CD6-B0DB-F0BFE7EB254F}"
EndProject
Project("{FAE04EC0-301F-11D3-BF4B-00C04F79EFBC}") = "LogicAbstractTest", "LogicAbstractTest\LogicAbstractTest.csproj", "{F9172950-11F1-4220-B422-782B8E1D96B0}"
EndProject
Global
	GlobalSection(SolutionConfigurationPlatforms) = preSolution
		Debug|Any CPU = Debug|Any CPU
		Release|Any CPU = Release|Any CPU
	EndGlobalSection
	GlobalSection(ProjectConfigurationPlatforms) = postSolution
		{724A6F32-59D2-4836-A8C4-94390B927197}.Debug|Any CPU.ActiveCfg = Debug|Any CPU
		{724A6F32-59D2-4836-A8C4-94390B927197}.Debug|Any CPU.Build.0 = Debug|Any CPU
		{724A6F32-59D2-4836-A8C4-94390B927197}.Release|Any CPU.ActiveCfg = Release|Any CPU
		{724A6F32-59D2-4836-A8C4-94390B927197}.Release|Any CPU.Build.0 = Release|Any CPU
		{714508B8-39D6-43B4-9F6B-53A3C999A3FD}.Debug|Any CPU.ActiveCfg = Debug|Any CPU
		{714508B8-39D6-43B4-9F6B-53A3C999A3FD}.Debug|Any CPU.Build.0 = Debug|Any CPU
		{714508B8-39D6-43B4-9F6B-53A3C999A3FD}.Release|Any CPU.ActiveCfg = Release|Any CPU
		{714508B8-39D6-43B4-9F6B-53A3C999A3FD}.Release|Any CPU.Build.0 = Release|Any CPU
		{62373C22-7394-45DA-A5ED-BAF9F7784A3B}.Debug|Any CPU.ActiveCfg = Debug|Any CPU
		{62373C22-7394-45DA-A5ED-BAF9F7784A3B}.Debug|Any CPU.Build.0 = Debug|Any CPU
		{62373C22-7394-45DA-A5ED-BAF9F7784A3B}.Release|Any CPU.ActiveCfg = Release|Any CPU
		{62373C22-7394-45DA-A5ED-BAF9F7784A3B}.Release|Any CPU.Build.0 = Release|Any CPU
		{A41B67CF-45A4-418B-B16B-0C1BF244209E}.Debug|Any CPU.ActiveCfg = Debug|Any CPU
		{A41B67CF-45A4-418B-B16B-0C1BF244209E}.Debug|Any CPU.Build.0 = Debug|Any CPU
		{A41B67CF-45A4-418B-B16B-0C1BF244209E}.Release|Any CPU.ActiveCfg = Release|Any CPU
		{A41B67CF-45A4-418B-B16B-0C1BF244209E}.Release|Any CPU.Build.0 = Release|Any CPU
		{B69C6006-3226-4043-AC82-215CC8700C6B}.Debug|Any CPU.ActiveCfg = Debug|Any CPU
		{B69C6006-3226-4043-AC82-215CC8700C6B}.Debug|Any CPU.Build.0 = Debug|Any CPU
		{B69C6006-3226-4043-AC82-215CC8700C6B}.Release|Any CPU.ActiveCfg = Release|Any CPU
		{B69C6006-3226-4043-AC82-215CC8700C6B}.Release|Any CPU.Build.0 = Release|Any CPU
		{7677FC09-822B-406F-9E6F-D45D8E95BA99}.Debug|Any CPU.ActiveCfg = Debug|Any CPU
		{7677FC09-822B-406F-9E6F-D45D8E95BA99}.Debug|Any CPU.Build.0 = Debug|Any CPU
		{7677FC09-822B-406F-9E6F-D45D8E95BA99}.Release|Any CPU.ActiveCfg = Release|Any CPU
		{7677FC09-822B-406F-9E6F-D45D8E95BA99}.Release|Any CPU.Build.0 = Release|Any CPU
		{F9172950-11F1-4220-B422-782B8E1D96B0}.Debug|Any CPU.ActiveCfg = Debug|Any CPU
		{F9172950-11F1-4220-B422-782B8E1D96B0}.Debug|Any CPU.Build.0 = Debug|Any CPU
		{F9172950-11F1-4220-B422-782B8E1D96B0}.Release|Any CPU.ActiveCfg = Release|Any CPU
		{F9172950-11F1-4220-B422-782B8E1D96B0}.Release|Any CPU.Build.0 = Release|Any CPU
	EndGlobalSection
	GlobalSection(NestedProjects) = preSolution
		{724A6F32-59D2-4836-A8C4-94390B927197} = {4382266E-B408-4258-A7E2-F7F6BD750BAA}
		{714508B8-39D6-43B4-9F6B-53A3C999A3FD} = {4382266E-B408-4258-A7E2-F7F6BD750BAA}
		{62373C22-7394-45DA-A5ED-BAF9F7784A3B} = {4382266E-B408-4258-A7E2-F7F6BD750BAA}
		{A41B67CF-45A4-418B-B16B-0C1BF244209E} = {4382266E-B408-4258-A7E2-F7F6BD750BAA}
		{B69C6006-3226-4043-AC82-215CC8700C6B} = {4382266E-B408-4258-A7E2-F7F6BD750BAA}
		{37F57708-0D19-4DF3-9FA3-3574453E7829} = {7122379E-B32C-4260-A41B-2B7C1168EA29}
		{7677FC09-822B-406F-9E6F-D45D8E95BA99} = {37F57708-0D19-4DF3-9FA3-3574453E7829}
		{A48D98F3-1168-4CD6-B0DB-F0BFE7EB254F} = {7122379E-B32C-4260-A41B-2B7C1168EA29}
		{F9172950-11F1-4220-B422-782B8E1D96B0} = {A48D98F3-1168-4CD6-B0DB-F0BFE7EB254F}
	EndGlobalSection
EndGlobal
